
Microsoft Visual Studio Solution File, Format Version 12.00
# Visual Studio Version 18
VisualStudioVersion = 18.0.11217.181
MinimumVisualStudioVersion = 10.0.40219.1
Project("{FAE04EC0-301F-11D3-BF4B-00C04F79EFBC}") = "Conditions", "Conditions\Conditions.csproj", "{F91FBEE1-3C4E-42D2-8BC8-ECFBE56D5274}"
EndProject
Project("{FAE04EC0-301F-11D3-BF4B-00C04F79EFBC}") = "Laba2_16", "..\Laba2_16\Laba2_16.csproj", "{B2F19454-D6FD-4796-81E7-3BE421EB0BC3}"
EndProject
Project("{FAE04EC0-301F-11D3-BF4B-00C04F79EFBC}") = "Laba2_23_1", "..\Laba2_23_1\Laba2_23_1\Laba2_23_1.csproj", "{6B33DF91-B1E5-4054-8A9E-5ABED5657C28}"
EndProject
Project("{FAE04EC0-301F-11D3-BF4B-00C04F79EFBC}") = "Laba2_23_2", "..\Laba2_23_2\Laba2_23_2\Laba2_23_2.csproj", "{451F113C-FD63-433C-B7C6-CA37B6DA9A9D}"
EndProject
Project("{FAE04EC0-301F-11D3-BF4B-00C04F79EFBC}") = "Lab2_10_1", "..\Lab2_10_1\Lab2_10_1\Lab2_10_1.csproj", "{2246257F-9445-4C77-83BA-DADCE22C06AB}"
EndProject
Project("{2150E333-8FDC-42A3-9474-1A3956D46DE8}") = "ArraysAndCycles", "ArraysAndCycles", "{02EA681E-C7D8-13C7-8484-4AC65E1B71E8}"
EndProject
Project("{FAE04EC0-301F-11D3-BF4B-00C04F79EFBC}") = "ArraysAndCyclesExample1", "..\ArraysAndCyclesExample1\ArraysAndCyclesExample1\ArraysAndCyclesExample1.csproj", "{608F3A98-E1ED-42BC-AC7F-485D6422C0A9}"
EndProject
Project("{2150E333-8FDC-42A3-9474-1A3956D46DE8}") = "TwoDimensionArrays", "TwoDimensionArrays", "{C89F56CC-9DF0-4703-B11F-9D7BBCE5AA59}"
EndProject
Project("{FAE04EC0-301F-11D3-BF4B-00C04F79EFBC}") = "TwoDimensionArrays", "TwoDimensionArrays\TwoDimensionArrays.csproj", "{8D60B3A7-FF1F-40DC-9174-5AE15B26BF05}"
EndProject
Project("{2150E333-8FDC-42A3-9474-1A3956D46DE8}") = "Laba3", "Laba3", "{03F0BDD8-6E6F-4AEE-80BF-3A8319EAA5CA}"
EndProject
Project("{FAE04EC0-301F-11D3-BF4B-00C04F79EFBC}") = "Laba3_23_1", "..\Laba3_23_1\Laba3_23_1\Laba3_23_1.csproj", "{422DC64B-E362-42F6-9584-8B8BB0A9EA19}"
EndProject
Project("{2150E333-8FDC-42A3-9474-1A3956D46DE8}") = "SumAndProduct", "SumAndProduct", "{688C9DAE-678D-4909-9D5D-2876B4BBC233}"
EndProject
Project("{FAE04EC0-301F-11D3-BF4B-00C04F79EFBC}") = "Sum", "..\Sum\Sum\Sum.csproj", "{9271E93C-9DA5-4339-996C-7EED0755365C}"
EndProject
Project("{FAE04EC0-301F-11D3-BF4B-00C04F79EFBC}") = "Laba3_23_2_Fibonachi", "..\Laba_23_2\Laba_23_2_Fibonachi\Laba3_23_2_Fibonachi.csproj", "{6ADDCEAD-6B37-4587-A445-7ABA493609D5}"
EndProject
Project("{2150E333-8FDC-42A3-9474-1A3956D46DE8}") = "Laba2", "Laba2", "{D5C261DC-3D0D-496B-B3AB-C06CB7826A5A}"
EndProject
Project("{FAE04EC0-301F-11D3-BF4B-00C04F79EFBC}") = "Laba3_1_1", "..\Laba3_1_1\Laba3_1_1\Laba3_1_1.csproj", "{203DA6EC-3A49-4FD5-A6AD-DADF4703188E}"
EndProject
Project("{FAE04EC0-301F-11D3-BF4B-00C04F79EFBC}") = "Laba3_2_1", "..\Laba3_2_1\Laba3_2_1\Laba3_2_1.csproj", "{FF489D46-D700-4FE6-93EE-63092455C1B7}"
EndProject
Project("{FAE04EC0-301F-11D3-BF4B-00C04F79EFBC}") = "Laba3_3_1", "..\Laba3_3_1\Laba3_3_1\Laba3_3_1.csproj", "{56691AF9-6770-4BD6-91ED-F67AF5C0E66E}"
EndProject
Project("{FAE04EC0-301F-11D3-BF4B-00C04F79EFBC}") = "Laba3_4_1", "..\Laba3_4_1\Laba3_4_1\Laba3_4_1.csproj", "{29125866-83FD-4C1E-8E62-769A6ED60FD8}"
EndProject
Project("{2150E333-8FDC-42A3-9474-1A3956D46DE8}") = "Laba4", "Laba4", "{F2610307-9920-4317-9813-6C44CDD9FF62}"
EndProject
Project("{FAE04EC0-301F-11D3-BF4B-00C04F79EFBC}") = "Laba4_23_1", "..\Laba4_23_1\Laba4_23_1\Laba4_23_1.csproj", "{AAEC21C8-9382-445A-B84A-82FACEA152DD}"
EndProject
Project("{FAE04EC0-301F-11D3-BF4B-00C04F79EFBC}") = "Laba4_1_2", "..\Laba4_1_2\Laba4_1_2\Laba4_1_2.csproj", "{DFDE95AE-9FD0-4278-9B21-A7849D9C451F}"
EndProject
Project("{FAE04EC0-301F-11D3-BF4B-00C04F79EFBC}") = "Laba4_23_2", "..\Laba4_23_2\Laba4_23_2\Laba4_23_2.csproj", "{858BA230-8374-481D-810C-AD5B4709CF35}"
EndProject
Project("{2150E333-8FDC-42A3-9474-1A3956D46DE8}") = "Laba1", "Laba1", "{846ADA76-B05C-4E03-B481-802F9421744A}"
EndProject
Project("{FAE04EC0-301F-11D3-BF4B-00C04F79EFBC}") = "Laba1_16_1", "..\Laba1_23_1\Laba1_23_1\Laba1_16_1.csproj", "{A68571E4-9C4E-45CA-BB0D-C486A8013761}"
EndProject
Project("{FAE04EC0-301F-11D3-BF4B-00C04F79EFBC}") = "Laba1_23_2", "..\Laba1_23_2\Laba1_23_2\Laba1_23_2.csproj", "{0587AFA5-1818-4187-A05F-77AA9F594A53}"
EndProject
Project("{2150E333-8FDC-42A3-9474-1A3956D46DE8}") = "Laba6", "Laba6", "{689859A7-8C01-4EB0-9C2E-D1BDFF9599BC}"
EndProject
Project("{2150E333-8FDC-42A3-9474-1A3956D46DE8}") = "Practice", "Practice", "{146E8E9B-E3EB-4ADC-A948-462AF6A2BFEF}"
EndProject
Project("{2150E333-8FDC-42A3-9474-1A3956D46DE8}") = "Laba5_Methods", "Laba5_Methods", "{4A5956D7-1A8A-4F8A-8A67-7D4C1600E507}"
EndProject
Project("{FAE04EC0-301F-11D3-BF4B-00C04F79EFBC}") = "Methods", "..\Methods\Methods\Methods.csproj", "{CAFBB289-6E39-4B71-AC21-197DE8497494}"
EndProject
Project("{FAE04EC0-301F-11D3-BF4B-00C04F79EFBC}") = "Laba6_23_2", "..\Laba6_23_2\Laba6_23_2\Laba6_23_2.csproj", "{D31D42DE-7D0C-4AF4-AFC1-2AAF0D990593}"
EndProject
Project("{2150E333-8FDC-42A3-9474-1A3956D46DE8}") = "Laba7", "Laba7", "{2732AF5F-F51E-4D97-B88C-E0EF724DFAAE}"
EndProject
Project("{FAE04EC0-301F-11D3-BF4B-00C04F79EFBC}") = "Laba7_8", "..\Laba7_8\Laba7_8\Laba7_8.csproj", "{E3B6106F-3931-406E-A7CD-6B82A87554D2}"
EndProject
Project("{2150E333-8FDC-42A3-9474-1A3956D46DE8}") = "Laba5", "Laba5", "{852F3318-66BE-458A-A0EE-A1720529A49E}"
EndProject
Project("{FAE04EC0-301F-11D3-BF4B-00C04F79EFBC}") = "Laba5_8_1", "..\Laba5_8_1\Laba5_8_1\Laba5_8_1.csproj", "{DC81D8E5-DC9E-4556-A7C8-B398123856D5}"
EndProject
Project("{FAE04EC0-301F-11D3-BF4B-00C04F79EFBC}") = "Laba5_8_2", "..\Laba5_8_2\Laba5_8_2\Laba5_8_2.csproj", "{83C6B66F-5410-4AC0-9A67-A081FEC94D34}"
EndProject
Project("{FAE04EC0-301F-11D3-BF4B-00C04F79EFBC}") = "Laba5_8_3", "..\Laba5_8_3\Laba5_8_3\Laba5_8_3.csproj", "{4A80B4B1-1437-4C23-B397-E382C8BF4E7E}"
EndProject
Project("{FAE04EC0-301F-11D3-BF4B-00C04F79EFBC}") = "Laba3_6_1", "..\Laba3_6_1\Laba3_6_1\Laba3_6_1.csproj", "{6CF0F324-87FB-4D43-B572-DAF48AEEA689}"
EndProject
Project("{FAE04EC0-301F-11D3-BF4B-00C04F79EFBC}") = "Laba3_10_1", "Laba3_10_1\Laba3_10_1.csproj", "{1F482F00-92FF-4C34-B961-61D5DE180677}"
EndProject
Project("{FAE04EC0-301F-11D3-BF4B-00C04F79EFBC}") = "Laba3_11_1", "Laba3_11_1\Laba3_11_1.csproj", "{AC6F9160-30E9-40AE-86C1-157BFCA63244}"
EndProject
Project("{FAE04EC0-301F-11D3-BF4B-00C04F79EFBC}") = "Laba3_12_1", "Laba3_12_1\Laba3_12_1.csproj", "{DEB60FB7-8320-4628-ADF5-E87286171249}"
EndProject
Project("{FAE04EC0-301F-11D3-BF4B-00C04F79EFBC}") = "Laba3_14_1", "ConsoleApp1\Laba3_14_1.csproj", "{BF2F6995-348A-4D4B-A4E4-AFC4FDC74D91}"
EndProject
Project("{FAE04EC0-301F-11D3-BF4B-00C04F79EFBC}") = "Laba3_15_1.2", "Laba3_15_1.2\Laba3_15_1.2.csproj", "{222D8F7B-3CCA-4388-871A-A965DB3AE2AF}"
EndProject
Project("{FAE04EC0-301F-11D3-BF4B-00C04F79EFBC}") = "Laba3_16_1", "Laba3_16_1\Laba3_16_1.csproj", "{60D31149-AF40-4686-AFF2-59F864932D18}"
EndProject
Project("{FAE04EC0-301F-11D3-BF4B-00C04F79EFBC}") = "Laba3_17_1", "Laba3_17_1\Laba3_17_1.csproj", "{67C8E94D-B3DB-4EB6-B000-4D9B85D85D82}"
EndProject
Project("{FAE04EC0-301F-11D3-BF4B-00C04F79EFBC}") = "Laba3_22_1", "Laba3_22_1\Laba3_22_1.csproj", "{D9B6D953-ACDD-4BF4-8B94-4F0C21440E3C}"
EndProject
Project("{FAE04EC0-301F-11D3-BF4B-00C04F79EFBC}") = "Laba3_26_1", "Laba3_26_1\Laba3_26_1.csproj", "{77A7BEB4-75A3-4E7D-B656-1F941B4A5AA8}"
EndProject
Project("{FAE04EC0-301F-11D3-BF4B-00C04F79EFBC}") = "Laba3_27_1", "Laba3_27_1\Laba3_27_1.csproj", "{BE90A1DF-C90A-4E1B-9F74-1AF84196CC84}"
EndProject
Project("{FAE04EC0-301F-11D3-BF4B-00C04F79EFBC}") = "Laba3_1_2", "Laba3_1_2\Laba3_1_2.csproj", "{5D2A38D3-C1C6-4361-A40E-B378D179F14F}"
EndProject
Project("{FAE04EC0-301F-11D3-BF4B-00C04F79EFBC}") = "Laba3_2_2", "Laba3_2_2\Laba3_2_2.csproj", "{499F383F-5D2A-422B-A432-8BA210BBF03E}"
EndProject
Project("{2150E333-8FDC-42A3-9474-1A3956D46DE8}") = "Max&Min", "Max&Min", "{EA05E999-CDDF-4282-8344-2F662C1DA669}"
EndProject
Project("{FAE04EC0-301F-11D3-BF4B-00C04F79EFBC}") = "Maximum1", "Maximum1\Maximum1.csproj", "{1FF7647B-FAAD-4FC6-9C75-26445809C851}"
EndProject
Project("{FAE04EC0-301F-11D3-BF4B-00C04F79EFBC}") = "Minimum", "Minimum\Minimum.csproj", "{AB8EDFF0-4AF6-4CC6-A511-3C73EA31BFAE}"
EndProject
Global
	GlobalSection(SolutionConfigurationPlatforms) = preSolution
		Debug|Any CPU = Debug|Any CPU
		Release|Any CPU = Release|Any CPU
	EndGlobalSection
	GlobalSection(ProjectConfigurationPlatforms) = postSolution
		{F91FBEE1-3C4E-42D2-8BC8-ECFBE56D5274}.Debug|Any CPU.ActiveCfg = Debug|Any CPU
		{F91FBEE1-3C4E-42D2-8BC8-ECFBE56D5274}.Debug|Any CPU.Build.0 = Debug|Any CPU
		{F91FBEE1-3C4E-42D2-8BC8-ECFBE56D5274}.Release|Any CPU.ActiveCfg = Release|Any CPU
		{F91FBEE1-3C4E-42D2-8BC8-ECFBE56D5274}.Release|Any CPU.Build.0 = Release|Any CPU
		{B2F19454-D6FD-4796-81E7-3BE421EB0BC3}.Debug|Any CPU.ActiveCfg = Debug|Any CPU
		{B2F19454-D6FD-4796-81E7-3BE421EB0BC3}.Debug|Any CPU.Build.0 = Debug|Any CPU
		{B2F19454-D6FD-4796-81E7-3BE421EB0BC3}.Release|Any CPU.ActiveCfg = Release|Any CPU
		{B2F19454-D6FD-4796-81E7-3BE421EB0BC3}.Release|Any CPU.Build.0 = Release|Any CPU
		{6B33DF91-B1E5-4054-8A9E-5ABED5657C28}.Debug|Any CPU.ActiveCfg = Debug|Any CPU
		{6B33DF91-B1E5-4054-8A9E-5ABED5657C28}.Debug|Any CPU.Build.0 = Debug|Any CPU
		{6B33DF91-B1E5-4054-8A9E-5ABED5657C28}.Release|Any CPU.ActiveCfg = Release|Any CPU
		{6B33DF91-B1E5-4054-8A9E-5ABED5657C28}.Release|Any CPU.Build.0 = Release|Any CPU
		{451F113C-FD63-433C-B7C6-CA37B6DA9A9D}.Debug|Any CPU.ActiveCfg = Debug|Any CPU
		{451F113C-FD63-433C-B7C6-CA37B6DA9A9D}.Debug|Any CPU.Build.0 = Debug|Any CPU
		{451F113C-FD63-433C-B7C6-CA37B6DA9A9D}.Release|Any CPU.ActiveCfg = Release|Any CPU
		{451F113C-FD63-433C-B7C6-CA37B6DA9A9D}.Release|Any CPU.Build.0 = Release|Any CPU
		{2246257F-9445-4C77-83BA-DADCE22C06AB}.Debug|Any CPU.ActiveCfg = Debug|Any CPU
		{2246257F-9445-4C77-83BA-DADCE22C06AB}.Debug|Any CPU.Build.0 = Debug|Any CPU
		{2246257F-9445-4C77-83BA-DADCE22C06AB}.Release|Any CPU.ActiveCfg = Release|Any CPU
		{2246257F-9445-4C77-83BA-DADCE22C06AB}.Release|Any CPU.Build.0 = Release|Any CPU
		{608F3A98-E1ED-42BC-AC7F-485D6422C0A9}.Debug|Any CPU.ActiveCfg = Debug|Any CPU
		{608F3A98-E1ED-42BC-AC7F-485D6422C0A9}.Debug|Any CPU.Build.0 = Debug|Any CPU
		{608F3A98-E1ED-42BC-AC7F-485D6422C0A9}.Release|Any CPU.ActiveCfg = Release|Any CPU
		{608F3A98-E1ED-42BC-AC7F-485D6422C0A9}.Release|Any CPU.Build.0 = Release|Any CPU
		{8D60B3A7-FF1F-40DC-9174-5AE15B26BF05}.Debug|Any CPU.ActiveCfg = Debug|Any CPU
		{8D60B3A7-FF1F-40DC-9174-5AE15B26BF05}.Debug|Any CPU.Build.0 = Debug|Any CPU
		{8D60B3A7-FF1F-40DC-9174-5AE15B26BF05}.Release|Any CPU.ActiveCfg = Release|Any CPU
		{8D60B3A7-FF1F-40DC-9174-5AE15B26BF05}.Release|Any CPU.Build.0 = Release|Any CPU
		{422DC64B-E362-42F6-9584-8B8BB0A9EA19}.Debug|Any CPU.ActiveCfg = Debug|Any CPU
		{422DC64B-E362-42F6-9584-8B8BB0A9EA19}.Debug|Any CPU.Build.0 = Debug|Any CPU
		{422DC64B-E362-42F6-9584-8B8BB0A9EA19}.Release|Any CPU.ActiveCfg = Release|Any CPU
		{422DC64B-E362-42F6-9584-8B8BB0A9EA19}.Release|Any CPU.Build.0 = Release|Any CPU
		{9271E93C-9DA5-4339-996C-7EED0755365C}.Debug|Any CPU.ActiveCfg = Debug|Any CPU
		{9271E93C-9DA5-4339-996C-7EED0755365C}.Debug|Any CPU.Build.0 = Debug|Any CPU
		{9271E93C-9DA5-4339-996C-7EED0755365C}.Release|Any CPU.ActiveCfg = Release|Any CPU
		{9271E93C-9DA5-4339-996C-7EED0755365C}.Release|Any CPU.Build.0 = Release|Any CPU
		{6ADDCEAD-6B37-4587-A445-7ABA493609D5}.Debug|Any CPU.ActiveCfg = Debug|Any CPU
		{6ADDCEAD-6B37-4587-A445-7ABA493609D5}.Debug|Any CPU.Build.0 = Debug|Any CPU
		{6ADDCEAD-6B37-4587-A445-7ABA493609D5}.Release|Any CPU.ActiveCfg = Release|Any CPU
		{6ADDCEAD-6B37-4587-A445-7ABA493609D5}.Release|Any CPU.Build.0 = Release|Any CPU
		{203DA6EC-3A49-4FD5-A6AD-DADF4703188E}.Debug|Any CPU.ActiveCfg = Debug|Any CPU
		{203DA6EC-3A49-4FD5-A6AD-DADF4703188E}.Debug|Any CPU.Build.0 = Debug|Any CPU
		{203DA6EC-3A49-4FD5-A6AD-DADF4703188E}.Release|Any CPU.ActiveCfg = Release|Any CPU
		{203DA6EC-3A49-4FD5-A6AD-DADF4703188E}.Release|Any CPU.Build.0 = Release|Any CPU
		{FF489D46-D700-4FE6-93EE-63092455C1B7}.Debug|Any CPU.ActiveCfg = Debug|Any CPU
		{FF489D46-D700-4FE6-93EE-63092455C1B7}.Debug|Any CPU.Build.0 = Debug|Any CPU
		{FF489D46-D700-4FE6-93EE-63092455C1B7}.Release|Any CPU.ActiveCfg = Release|Any CPU
		{FF489D46-D700-4FE6-93EE-63092455C1B7}.Release|Any CPU.Build.0 = Release|Any CPU
		{56691AF9-6770-4BD6-91ED-F67AF5C0E66E}.Debug|Any CPU.ActiveCfg = Debug|Any CPU
		{56691AF9-6770-4BD6-91ED-F67AF5C0E66E}.Debug|Any CPU.Build.0 = Debug|Any CPU
		{56691AF9-6770-4BD6-91ED-F67AF5C0E66E}.Release|Any CPU.ActiveCfg = Release|Any CPU
		{56691AF9-6770-4BD6-91ED-F67AF5C0E66E}.Release|Any CPU.Build.0 = Release|Any CPU
		{29125866-83FD-4C1E-8E62-769A6ED60FD8}.Debug|Any CPU.ActiveCfg = Debug|Any CPU
		{29125866-83FD-4C1E-8E62-769A6ED60FD8}.Debug|Any CPU.Build.0 = Debug|Any CPU
		{29125866-83FD-4C1E-8E62-769A6ED60FD8}.Release|Any CPU.ActiveCfg = Release|Any CPU
		{29125866-83FD-4C1E-8E62-769A6ED60FD8}.Release|Any CPU.Build.0 = Release|Any CPU
		{AAEC21C8-9382-445A-B84A-82FACEA152DD}.Debug|Any CPU.ActiveCfg = Debug|Any CPU
		{AAEC21C8-9382-445A-B84A-82FACEA152DD}.Debug|Any CPU.Build.0 = Debug|Any CPU
		{AAEC21C8-9382-445A-B84A-82FACEA152DD}.Release|Any CPU.ActiveCfg = Release|Any CPU
		{AAEC21C8-9382-445A-B84A-82FACEA152DD}.Release|Any CPU.Build.0 = Release|Any CPU
		{DFDE95AE-9FD0-4278-9B21-A7849D9C451F}.Debug|Any CPU.ActiveCfg = Debug|Any CPU
		{DFDE95AE-9FD0-4278-9B21-A7849D9C451F}.Debug|Any CPU.Build.0 = Debug|Any CPU
		{DFDE95AE-9FD0-4278-9B21-A7849D9C451F}.Release|Any CPU.ActiveCfg = Release|Any CPU
		{DFDE95AE-9FD0-4278-9B21-A7849D9C451F}.Release|Any CPU.Build.0 = Release|Any CPU
		{858BA230-8374-481D-810C-AD5B4709CF35}.Debug|Any CPU.ActiveCfg = Debug|Any CPU
		{858BA230-8374-481D-810C-AD5B4709CF35}.Debug|Any CPU.Build.0 = Debug|Any CPU
		{858BA230-8374-481D-810C-AD5B4709CF35}.Release|Any CPU.ActiveCfg = Release|Any CPU
		{858BA230-8374-481D-810C-AD5B4709CF35}.Release|Any CPU.Build.0 = Release|Any CPU
		{A68571E4-9C4E-45CA-BB0D-C486A8013761}.Debug|Any CPU.ActiveCfg = Debug|Any CPU
		{A68571E4-9C4E-45CA-BB0D-C486A8013761}.Debug|Any CPU.Build.0 = Debug|Any CPU
		{A68571E4-9C4E-45CA-BB0D-C486A8013761}.Release|Any CPU.ActiveCfg = Release|Any CPU
		{A68571E4-9C4E-45CA-BB0D-C486A8013761}.Release|Any CPU.Build.0 = Release|Any CPU
		{0587AFA5-1818-4187-A05F-77AA9F594A53}.Debug|Any CPU.ActiveCfg = Debug|Any CPU
		{0587AFA5-1818-4187-A05F-77AA9F594A53}.Debug|Any CPU.Build.0 = Debug|Any CPU
		{0587AFA5-1818-4187-A05F-77AA9F594A53}.Release|Any CPU.ActiveCfg = Release|Any CPU
		{0587AFA5-1818-4187-A05F-77AA9F594A53}.Release|Any CPU.Build.0 = Release|Any CPU
		{CAFBB289-6E39-4B71-AC21-197DE8497494}.Debug|Any CPU.ActiveCfg = Debug|Any CPU
		{CAFBB289-6E39-4B71-AC21-197DE8497494}.Debug|Any CPU.Build.0 = Debug|Any CPU
		{CAFBB289-6E39-4B71-AC21-197DE8497494}.Release|Any CPU.ActiveCfg = Release|Any CPU
		{CAFBB289-6E39-4B71-AC21-197DE8497494}.Release|Any CPU.Build.0 = Release|Any CPU
		{D31D42DE-7D0C-4AF4-AFC1-2AAF0D990593}.Debug|Any CPU.ActiveCfg = Debug|Any CPU
		{D31D42DE-7D0C-4AF4-AFC1-2AAF0D990593}.Debug|Any CPU.Build.0 = Debug|Any CPU
		{D31D42DE-7D0C-4AF4-AFC1-2AAF0D990593}.Release|Any CPU.ActiveCfg = Release|Any CPU
		{D31D42DE-7D0C-4AF4-AFC1-2AAF0D990593}.Release|Any CPU.Build.0 = Release|Any CPU
		{E3B6106F-3931-406E-A7CD-6B82A87554D2}.Debug|Any CPU.ActiveCfg = Debug|Any CPU
		{E3B6106F-3931-406E-A7CD-6B82A87554D2}.Debug|Any CPU.Build.0 = Debug|Any CPU
		{E3B6106F-3931-406E-A7CD-6B82A87554D2}.Release|Any CPU.ActiveCfg = Release|Any CPU
		{E3B6106F-3931-406E-A7CD-6B82A87554D2}.Release|Any CPU.Build.0 = Release|Any CPU
		{DC81D8E5-DC9E-4556-A7C8-B398123856D5}.Debug|Any CPU.ActiveCfg = Debug|Any CPU
		{DC81D8E5-DC9E-4556-A7C8-B398123856D5}.Debug|Any CPU.Build.0 = Debug|Any CPU
		{DC81D8E5-DC9E-4556-A7C8-B398123856D5}.Release|Any CPU.ActiveCfg = Release|Any CPU
		{DC81D8E5-DC9E-4556-A7C8-B398123856D5}.Release|Any CPU.Build.0 = Release|Any CPU
		{83C6B66F-5410-4AC0-9A67-A081FEC94D34}.Debug|Any CPU.ActiveCfg = Debug|Any CPU
		{83C6B66F-5410-4AC0-9A67-A081FEC94D34}.Debug|Any CPU.Build.0 = Debug|Any CPU
		{83C6B66F-5410-4AC0-9A67-A081FEC94D34}.Release|Any CPU.ActiveCfg = Release|Any CPU
		{83C6B66F-5410-4AC0-9A67-A081FEC94D34}.Release|Any CPU.Build.0 = Release|Any CPU
		{4A80B4B1-1437-4C23-B397-E382C8BF4E7E}.Debug|Any CPU.ActiveCfg = Debug|Any CPU
		{4A80B4B1-1437-4C23-B397-E382C8BF4E7E}.Debug|Any CPU.Build.0 = Debug|Any CPU
		{4A80B4B1-1437-4C23-B397-E382C8BF4E7E}.Release|Any CPU.ActiveCfg = Release|Any CPU
		{4A80B4B1-1437-4C23-B397-E382C8BF4E7E}.Release|Any CPU.Build.0 = Release|Any CPU
		{6CF0F324-87FB-4D43-B572-DAF48AEEA689}.Debug|Any CPU.ActiveCfg = Debug|Any CPU
		{6CF0F324-87FB-4D43-B572-DAF48AEEA689}.Debug|Any CPU.Build.0 = Debug|Any CPU
		{6CF0F324-87FB-4D43-B572-DAF48AEEA689}.Release|Any CPU.ActiveCfg = Release|Any CPU
		{6CF0F324-87FB-4D43-B572-DAF48AEEA689}.Release|Any CPU.Build.0 = Release|Any CPU
		{1F482F00-92FF-4C34-B961-61D5DE180677}.Debug|Any CPU.ActiveCfg = Debug|Any CPU
		{1F482F00-92FF-4C34-B961-61D5DE180677}.Debug|Any CPU.Build.0 = Debug|Any CPU
		{1F482F00-92FF-4C34-B961-61D5DE180677}.Release|Any CPU.ActiveCfg = Release|Any CPU
		{1F482F00-92FF-4C34-B961-61D5DE180677}.Release|Any CPU.Build.0 = Release|Any CPU
		{AC6F9160-30E9-40AE-86C1-157BFCA63244}.Debug|Any CPU.ActiveCfg = Debug|Any CPU
		{AC6F9160-30E9-40AE-86C1-157BFCA63244}.Debug|Any CPU.Build.0 = Debug|Any CPU
		{AC6F9160-30E9-40AE-86C1-157BFCA63244}.Release|Any CPU.ActiveCfg = Release|Any CPU
		{AC6F9160-30E9-40AE-86C1-157BFCA63244}.Release|Any CPU.Build.0 = Release|Any CPU
		{DEB60FB7-8320-4628-ADF5-E87286171249}.Debug|Any CPU.ActiveCfg = Debug|Any CPU
		{DEB60FB7-8320-4628-ADF5-E87286171249}.Debug|Any CPU.Build.0 = Debug|Any CPU
		{DEB60FB7-8320-4628-ADF5-E87286171249}.Release|Any CPU.ActiveCfg = Release|Any CPU
		{DEB60FB7-8320-4628-ADF5-E87286171249}.Release|Any CPU.Build.0 = Release|Any CPU
		{BF2F6995-348A-4D4B-A4E4-AFC4FDC74D91}.Debug|Any CPU.ActiveCfg = Debug|Any CPU
		{BF2F6995-348A-4D4B-A4E4-AFC4FDC74D91}.Debug|Any CPU.Build.0 = Debug|Any CPU
		{BF2F6995-348A-4D4B-A4E4-AFC4FDC74D91}.Release|Any CPU.ActiveCfg = Release|Any CPU
		{BF2F6995-348A-4D4B-A4E4-AFC4FDC74D91}.Release|Any CPU.Build.0 = Release|Any CPU
		{222D8F7B-3CCA-4388-871A-A965DB3AE2AF}.Debug|Any CPU.ActiveCfg = Debug|Any CPU
		{222D8F7B-3CCA-4388-871A-A965DB3AE2AF}.Debug|Any CPU.Build.0 = Debug|Any CPU
		{222D8F7B-3CCA-4388-871A-A965DB3AE2AF}.Release|Any CPU.ActiveCfg = Release|Any CPU
		{222D8F7B-3CCA-4388-871A-A965DB3AE2AF}.Release|Any CPU.Build.0 = Release|Any CPU
		{60D31149-AF40-4686-AFF2-59F864932D18}.Debug|Any CPU.ActiveCfg = Debug|Any CPU
		{60D31149-AF40-4686-AFF2-59F864932D18}.Debug|Any CPU.Build.0 = Debug|Any CPU
		{60D31149-AF40-4686-AFF2-59F864932D18}.Release|Any CPU.ActiveCfg = Release|Any CPU
		{60D31149-AF40-4686-AFF2-59F864932D18}.Release|Any CPU.Build.0 = Release|Any CPU
		{67C8E94D-B3DB-4EB6-B000-4D9B85D85D82}.Debug|Any CPU.ActiveCfg = Debug|Any CPU
		{67C8E94D-B3DB-4EB6-B000-4D9B85D85D82}.Debug|Any CPU.Build.0 = Debug|Any CPU
		{67C8E94D-B3DB-4EB6-B000-4D9B85D85D82}.Release|Any CPU.ActiveCfg = Release|Any CPU
		{67C8E94D-B3DB-4EB6-B000-4D9B85D85D82}.Release|Any CPU.Build.0 = Release|Any CPU
		{D9B6D953-ACDD-4BF4-8B94-4F0C21440E3C}.Debug|Any CPU.ActiveCfg = Debug|Any CPU
		{D9B6D953-ACDD-4BF4-8B94-4F0C21440E3C}.Debug|Any CPU.Build.0 = Debug|Any CPU
		{D9B6D953-ACDD-4BF4-8B94-4F0C21440E3C}.Release|Any CPU.ActiveCfg = Release|Any CPU
		{D9B6D953-ACDD-4BF4-8B94-4F0C21440E3C}.Release|Any CPU.Build.0 = Release|Any CPU
		{77A7BEB4-75A3-4E7D-B656-1F941B4A5AA8}.Debug|Any CPU.ActiveCfg = Debug|Any CPU
		{77A7BEB4-75A3-4E7D-B656-1F941B4A5AA8}.Debug|Any CPU.Build.0 = Debug|Any CPU
		{77A7BEB4-75A3-4E7D-B656-1F941B4A5AA8}.Release|Any CPU.ActiveCfg = Release|Any CPU
		{77A7BEB4-75A3-4E7D-B656-1F941B4A5AA8}.Release|Any CPU.Build.0 = Release|Any CPU
		{BE90A1DF-C90A-4E1B-9F74-1AF84196CC84}.Debug|Any CPU.ActiveCfg = Debug|Any CPU
		{BE90A1DF-C90A-4E1B-9F74-1AF84196CC84}.Debug|Any CPU.Build.0 = Debug|Any CPU
		{BE90A1DF-C90A-4E1B-9F74-1AF84196CC84}.Release|Any CPU.ActiveCfg = Release|Any CPU
		{BE90A1DF-C90A-4E1B-9F74-1AF84196CC84}.Release|Any CPU.Build.0 = Release|Any CPU
		{5D2A38D3-C1C6-4361-A40E-B378D179F14F}.Debug|Any CPU.ActiveCfg = Debug|Any CPU
		{5D2A38D3-C1C6-4361-A40E-B378D179F14F}.Debug|Any CPU.Build.0 = Debug|Any CPU
		{5D2A38D3-C1C6-4361-A40E-B378D179F14F}.Release|Any CPU.ActiveCfg = Release|Any CPU
		{5D2A38D3-C1C6-4361-A40E-B378D179F14F}.Release|Any CPU.Build.0 = Release|Any CPU
		{499F383F-5D2A-422B-A432-8BA210BBF03E}.Debug|Any CPU.ActiveCfg = Debug|Any CPU
		{499F383F-5D2A-422B-A432-8BA210BBF03E}.Debug|Any CPU.Build.0 = Debug|Any CPU
		{499F383F-5D2A-422B-A432-8BA210BBF03E}.Release|Any CPU.ActiveCfg = Release|Any CPU
		{499F383F-5D2A-422B-A432-8BA210BBF03E}.Release|Any CPU.Build.0 = Release|Any CPU
		{1FF7647B-FAAD-4FC6-9C75-26445809C851}.Debug|Any CPU.ActiveCfg = Debug|Any CPU
		{1FF7647B-FAAD-4FC6-9C75-26445809C851}.Debug|Any CPU.Build.0 = Debug|Any CPU
		{1FF7647B-FAAD-4FC6-9C75-26445809C851}.Release|Any CPU.ActiveCfg = Release|Any CPU
		{1FF7647B-FAAD-4FC6-9C75-26445809C851}.Release|Any CPU.Build.0 = Release|Any CPU
		{AB8EDFF0-4AF6-4CC6-A511-3C73EA31BFAE}.Debug|Any CPU.ActiveCfg = Debug|Any CPU
		{AB8EDFF0-4AF6-4CC6-A511-3C73EA31BFAE}.Debug|Any CPU.Build.0 = Debug|Any CPU
		{AB8EDFF0-4AF6-4CC6-A511-3C73EA31BFAE}.Release|Any CPU.ActiveCfg = Release|Any CPU
		{AB8EDFF0-4AF6-4CC6-A511-3C73EA31BFAE}.Release|Any CPU.Build.0 = Release|Any CPU
	EndGlobalSection
	GlobalSection(SolutionProperties) = preSolution
		HideSolutionNode = FALSE
	EndGlobalSection
	GlobalSection(NestedProjects) = preSolution
		{B2F19454-D6FD-4796-81E7-3BE421EB0BC3} = {D5C261DC-3D0D-496B-B3AB-C06CB7826A5A}
		{6B33DF91-B1E5-4054-8A9E-5ABED5657C28} = {D5C261DC-3D0D-496B-B3AB-C06CB7826A5A}
		{451F113C-FD63-433C-B7C6-CA37B6DA9A9D} = {D5C261DC-3D0D-496B-B3AB-C06CB7826A5A}
		{2246257F-9445-4C77-83BA-DADCE22C06AB} = {D5C261DC-3D0D-496B-B3AB-C06CB7826A5A}
		{02EA681E-C7D8-13C7-8484-4AC65E1B71E8} = {146E8E9B-E3EB-4ADC-A948-462AF6A2BFEF}
		{608F3A98-E1ED-42BC-AC7F-485D6422C0A9} = {02EA681E-C7D8-13C7-8484-4AC65E1B71E8}
		{C89F56CC-9DF0-4703-B11F-9D7BBCE5AA59} = {146E8E9B-E3EB-4ADC-A948-462AF6A2BFEF}
		{8D60B3A7-FF1F-40DC-9174-5AE15B26BF05} = {C89F56CC-9DF0-4703-B11F-9D7BBCE5AA59}
		{422DC64B-E362-42F6-9584-8B8BB0A9EA19} = {03F0BDD8-6E6F-4AEE-80BF-3A8319EAA5CA}
		{688C9DAE-678D-4909-9D5D-2876B4BBC233} = {146E8E9B-E3EB-4ADC-A948-462AF6A2BFEF}
		{9271E93C-9DA5-4339-996C-7EED0755365C} = {688C9DAE-678D-4909-9D5D-2876B4BBC233}
		{6ADDCEAD-6B37-4587-A445-7ABA493609D5} = {03F0BDD8-6E6F-4AEE-80BF-3A8319EAA5CA}
		{203DA6EC-3A49-4FD5-A6AD-DADF4703188E} = {03F0BDD8-6E6F-4AEE-80BF-3A8319EAA5CA}
		{FF489D46-D700-4FE6-93EE-63092455C1B7} = {03F0BDD8-6E6F-4AEE-80BF-3A8319EAA5CA}
		{56691AF9-6770-4BD6-91ED-F67AF5C0E66E} = {03F0BDD8-6E6F-4AEE-80BF-3A8319EAA5CA}
		{29125866-83FD-4C1E-8E62-769A6ED60FD8} = {03F0BDD8-6E6F-4AEE-80BF-3A8319EAA5CA}
		{AAEC21C8-9382-445A-B84A-82FACEA152DD} = {F2610307-9920-4317-9813-6C44CDD9FF62}
		{DFDE95AE-9FD0-4278-9B21-A7849D9C451F} = {F2610307-9920-4317-9813-6C44CDD9FF62}
		{858BA230-8374-481D-810C-AD5B4709CF35} = {F2610307-9920-4317-9813-6C44CDD9FF62}
		{A68571E4-9C4E-45CA-BB0D-C486A8013761} = {846ADA76-B05C-4E03-B481-802F9421744A}
		{0587AFA5-1818-4187-A05F-77AA9F594A53} = {846ADA76-B05C-4E03-B481-802F9421744A}
		{4A5956D7-1A8A-4F8A-8A67-7D4C1600E507} = {146E8E9B-E3EB-4ADC-A948-462AF6A2BFEF}
		{CAFBB289-6E39-4B71-AC21-197DE8497494} = {4A5956D7-1A8A-4F8A-8A67-7D4C1600E507}
		{D31D42DE-7D0C-4AF4-AFC1-2AAF0D990593} = {689859A7-8C01-4EB0-9C2E-D1BDFF9599BC}
		{E3B6106F-3931-406E-A7CD-6B82A87554D2} = {2732AF5F-F51E-4D97-B88C-E0EF724DFAAE}
		{DC81D8E5-DC9E-4556-A7C8-B398123856D5} = {852F3318-66BE-458A-A0EE-A1720529A49E}
		{83C6B66F-5410-4AC0-9A67-A081FEC94D34} = {852F3318-66BE-458A-A0EE-A1720529A49E}
		{4A80B4B1-1437-4C23-B397-E382C8BF4E7E} = {852F3318-66BE-458A-A0EE-A1720529A49E}
		{6CF0F324-87FB-4D43-B572-DAF48AEEA689} = {03F0BDD8-6E6F-4AEE-80BF-3A8319EAA5CA}
		{1F482F00-92FF-4C34-B961-61D5DE180677} = {03F0BDD8-6E6F-4AEE-80BF-3A8319EAA5CA}
		{AC6F9160-30E9-40AE-86C1-157BFCA63244} = {03F0BDD8-6E6F-4AEE-80BF-3A8319EAA5CA}
		{DEB60FB7-8320-4628-ADF5-E87286171249} = {03F0BDD8-6E6F-4AEE-80BF-3A8319EAA5CA}
		{BF2F6995-348A-4D4B-A4E4-AFC4FDC74D91} = {03F0BDD8-6E6F-4AEE-80BF-3A8319EAA5CA}
		{222D8F7B-3CCA-4388-871A-A965DB3AE2AF} = {03F0BDD8-6E6F-4AEE-80BF-3A8319EAA5CA}
		{60D31149-AF40-4686-AFF2-59F864932D18} = {03F0BDD8-6E6F-4AEE-80BF-3A8319EAA5CA}
		{67C8E94D-B3DB-4EB6-B000-4D9B85D85D82} = {03F0BDD8-6E6F-4AEE-80BF-3A8319EAA5CA}
		{D9B6D953-ACDD-4BF4-8B94-4F0C21440E3C} = {03F0BDD8-6E6F-4AEE-80BF-3A8319EAA5CA}
		{77A7BEB4-75A3-4E7D-B656-1F941B4A5AA8} = {03F0BDD8-6E6F-4AEE-80BF-3A8319EAA5CA}
		{BE90A1DF-C90A-4E1B-9F74-1AF84196CC84} = {03F0BDD8-6E6F-4AEE-80BF-3A8319EAA5CA}
		{5D2A38D3-C1C6-4361-A40E-B378D179F14F} = {03F0BDD8-6E6F-4AEE-80BF-3A8319EAA5CA}
		{499F383F-5D2A-422B-A432-8BA210BBF03E} = {03F0BDD8-6E6F-4AEE-80BF-3A8319EAA5CA}
		{EA05E999-CDDF-4282-8344-2F662C1DA669} = {146E8E9B-E3EB-4ADC-A948-462AF6A2BFEF}
		{1FF7647B-FAAD-4FC6-9C75-26445809C851} = {EA05E999-CDDF-4282-8344-2F662C1DA669}
		{AB8EDFF0-4AF6-4CC6-A511-3C73EA31BFAE} = {EA05E999-CDDF-4282-8344-2F662C1DA669}
	EndGlobalSection
	GlobalSection(ExtensibilityGlobals) = postSolution
		SolutionGuid = {31570569-03EC-4E86-8AC9-2E9E84F692F0}
	EndGlobalSection
EndGlobal
